{
  "name": "pchainns",
  "version": "1.0.0",
  "lockfileVersion": 2,
  "requires": true,
  "packages": {
    "": {
      "version": "1.0.0",
      "dependencies": {
        "proxy-chain": "^0.4.6"
      }
    },
    "node_modules/bluebird": {
      "version": "2.11.0",
      "resolved": "https://registry.npmjs.org/bluebird/-/bluebird-2.11.0.tgz",
      "integrity": "sha1-U0uQM8AiyVecVro7Plpcqvu2UOE="
    },
    "node_modules/commander": {
      "version": "2.20.3",
      "resolved": "https://registry.npmjs.org/commander/-/commander-2.20.3.tgz",
      "integrity": "sha512-GpVkmM8vF2vQUkj2LvZmD35JxeJOLCwJ9cUkugyk2nuhbv3+mJvpLYYt+0+USMxE+oj+ey/lJEnhZw75x/OMcQ=="
    },
    "node_modules/debug": {
      "version": "2.6.9",
      "resolved": "https://registry.npmjs.org/debug/-/debug-2.6.9.tgz",
      "integrity": "sha512-bC7ElrdJaJnPbAP+1EotYvqZsb3ecl5wi6Bfi6BJTUcNowp6cvspg0jXznRTKDjm/E7AdgFBVeAPVMNcKGsHMA==",
      "dependencies": {
        "ms": "2.0.0"
      }
    },
    "node_modules/ms": {
      "version": "2.0.0",
      "resolved": "https://registry.npmjs.org/ms/-/ms-2.0.0.tgz",
      "integrity": "sha1-VgiurfwAvmwpAd9fmGF4jeDVl8g="
    },
    "node_modules/portastic": {
      "version": "1.0.1",
      "resolved": "https://registry.npmjs.org/portastic/-/portastic-1.0.1.tgz",
      "integrity": "sha1-HJgF1D+uj2pAzw28d5QJGi6dDSo=",
      "dependencies": {
        "bluebird": "^2.9.34",
        "commander": "^2.8.1",
        "debug": "^2.2.0"
      },
      "bin": {
        "portastic": "bin/portastic"
      }
    },
    "node_modules/proxy-chain": {
      "version": "0.4.6",
      "resolved": "https://registry.npmjs.org/proxy-chain/-/proxy-chain-0.4.6.tgz",
      "integrity": "sha512-PZrgd/Fa9SPs/9NO2UQvBtptcFe/R+yOeBz1iMcplPqHqEnxZqyK/YlFPMQiPb07aHcHEgAoUZ2dlK7HdEdwlg==",
      "dependencies": {
        "portastic": "^1.0.1",
        "underscore": "^1.9.1"
      },
      "engines": {
        "node": ">=10"
      }
    },
    "node_modules/underscore": {
      "version": "1.12.0",
      "resolved": "https://registry.npmjs.org/underscore/-/underscore-1.12.0.tgz",
      "integrity": "sha512-21rQzss/XPMjolTiIezSu3JAjgagXKROtNrYFEOWK109qY1Uv2tVjPTZ1ci2HgvQDA16gHYSthQIJfB+XId/rQ=="
    }
  },
  "dependencies": {
    "bluebird": {
      "version": "2.11.0",
      "resolved": "https://registry.npmjs.org/bluebird/-/bluebird-2.11.0.tgz",
      "integrity": "sha1-U0uQM8AiyVecVro7Plpcqvu2UOE="
    },
    "commander": {
      "version": "2.20.3",
      "resolved": "https://registry.npmjs.org/commander/-/commander-2.20.3.tgz",
      "integrity": "sha512-GpVkmM8vF2vQUkj2LvZmD35JxeJOLCwJ9cUkugyk2nuhbv3+mJvpLYYt+0+USMxE+oj+ey/lJEnhZw75x/OMcQ=="
    },
    "debug": {
      "version": "2.6.9",
      "resolved": "https://registry.npmjs.org/debug/-/debug-2.6.9.tgz",
      "integrity": "sha512-bC7ElrdJaJnPbAP+1EotYvqZsb3ecl5wi6Bfi6BJTUcNowp6cvspg0jXznRTKDjm/E7AdgFBVeAPVMNcKGsHMA==",
      "requires": {
        "ms": "2.0.0"
      }
    },
    "ms": {
      "version": "2.0.0",
      "resolved": "https://registry.npmjs.org/ms/-/ms-2.0.0.tgz",
      "integrity": "sha1-VgiurfwAvmwpAd9fmGF4jeDVl8g="
    },
    "portastic": {
      "version": "1.0.1",
      "resolved": "https://registry.npmjs.org/portastic/-/portastic-1.0.1.tgz",
      "integrity": "sha1-HJgF1D+uj2pAzw28d5QJGi6dDSo=",
      "requires": {
        "bluebird": "^2.9.34",
        "commander": "^2.8.1",
        "debug": "^2.2.0"
      }
    },
    "proxy-chain": {
      "version": "0.4.6",
      "resolved": "https://registry.npmjs.org/proxy-chain/-/proxy-chain-0.4.6.tgz",
      "integrity": "sha512-PZrgd/Fa9SPs/9NO2UQvBtptcFe/R+yOeBz1iMcplPqHqEnxZqyK/YlFPMQiPb07aHcHEgAoUZ2dlK7HdEdwlg==",
      "requires": {
        "portastic": "^1.0.1",
        "underscore": "^1.9.1"
      }
    },
    "underscore": {
      "version": "1.12.0",
      "resolved": "https://registry.npmjs.org/underscore/-/underscore-1.12.0.tgz",
      "integrity": "sha512-21rQzss/XPMjolTiIezSu3JAjgagXKROtNrYFEOWK109qY1Uv2tVjPTZ1ci2HgvQDA16gHYSthQIJfB+XId/rQ=="
    }
  }
}
